
Microsoft Visual Studio Solution File, Format Version 12.00
# Visual Studio 15
VisualStudioVersion = 15.0.26124.0
MinimumVisualStudioVersion = 15.0.26124.0
Project("{FAE04EC0-301F-11D3-BF4B-00C04F79EFBC}") = "CacheFacade", "CacheFacade\CacheFacade.csproj", "{9D8BDD26-DBB1-4231-95CA-F15EFBCB8F08}"
EndProject
Project("{FAE04EC0-301F-11D3-BF4B-00C04F79EFBC}") = "PlantasFactory", "PlantasFactory\PlantasFactory.csproj", "{5472555A-3331-445D-998B-001A2A2EB301}"
EndProject
Project("{FAE04EC0-301F-11D3-BF4B-00C04F79EFBC}") = "JogosAdapter", "JogosAdapter\JogosAdapter.csproj", "{A5DFB84C-7737-4984-BCDB-DD6815B45713}"
EndProject
Global
	GlobalSection(SolutionConfigurationPlatforms) = preSolution
		Debug|Any CPU = Debug|Any CPU
		Debug|x64 = Debug|x64
		Debug|x86 = Debug|x86
		Release|Any CPU = Release|Any CPU
		Release|x64 = Release|x64
		Release|x86 = Release|x86
	EndGlobalSection
	GlobalSection(SolutionProperties) = preSolution
		HideSolutionNode = FALSE
	EndGlobalSection
	GlobalSection(ProjectConfigurationPlatforms) = postSolution
		{9D8BDD26-DBB1-4231-95CA-F15EFBCB8F08}.Debug|Any CPU.ActiveCfg = Debug|Any CPU
		{9D8BDD26-DBB1-4231-95CA-F15EFBCB8F08}.Debug|Any CPU.Build.0 = Debug|Any CPU
		{9D8BDD26-DBB1-4231-95CA-F15EFBCB8F08}.Debug|x64.ActiveCfg = Debug|Any CPU
		{9D8BDD26-DBB1-4231-95CA-F15EFBCB8F08}.Debug|x64.Build.0 = Debug|Any CPU
		{9D8BDD26-DBB1-4231-95CA-F15EFBCB8F08}.Debug|x86.ActiveCfg = Debug|Any CPU
		{9D8BDD26-DBB1-4231-95CA-F15EFBCB8F08}.Debug|x86.Build.0 = Debug|Any CPU
		{9D8BDD26-DBB1-4231-95CA-F15EFBCB8F08}.Release|Any CPU.ActiveCfg = Release|Any CPU
		{9D8BDD26-DBB1-4231-95CA-F15EFBCB8F08}.Release|Any CPU.Build.0 = Release|Any CPU
		{9D8BDD26-DBB1-4231-95CA-F15EFBCB8F08}.Release|x64.ActiveCfg = Release|Any CPU
		{9D8BDD26-DBB1-4231-95CA-F15EFBCB8F08}.Release|x64.Build.0 = Release|Any CPU
		{9D8BDD26-DBB1-4231-95CA-F15EFBCB8F08}.Release|x86.ActiveCfg = Release|Any CPU
		{9D8BDD26-DBB1-4231-95CA-F15EFBCB8F08}.Release|x86.Build.0 = Release|Any CPU
		{5472555A-3331-445D-998B-001A2A2EB301}.Debug|Any CPU.ActiveCfg = Debug|Any CPU
		{5472555A-3331-445D-998B-001A2A2EB301}.Debug|Any CPU.Build.0 = Debug|Any CPU
		{5472555A-3331-445D-998B-001A2A2EB301}.Debug|x64.ActiveCfg = Debug|Any CPU
		{5472555A-3331-445D-998B-001A2A2EB301}.Debug|x64.Build.0 = Debug|Any CPU
		{5472555A-3331-445D-998B-001A2A2EB301}.Debug|x86.ActiveCfg = Debug|Any CPU
		{5472555A-3331-445D-998B-001A2A2EB301}.Debug|x86.Build.0 = Debug|Any CPU
		{5472555A-3331-445D-998B-001A2A2EB301}.Release|Any CPU.ActiveCfg = Release|Any CPU
		{5472555A-3331-445D-998B-001A2A2EB301}.Release|Any CPU.Build.0 = Release|Any CPU
		{5472555A-3331-445D-998B-001A2A2EB301}.Release|x64.ActiveCfg = Release|Any CPU
		{5472555A-3331-445D-998B-001A2A2EB301}.Release|x64.Build.0 = Release|Any CPU
		{5472555A-3331-445D-998B-001A2A2EB301}.Release|x86.ActiveCfg = Release|Any CPU
		{5472555A-3331-445D-998B-001A2A2EB301}.Release|x86.Build.0 = Release|Any CPU
		{A5DFB84C-7737-4984-BCDB-DD6815B45713}.Debug|Any CPU.ActiveCfg = Debug|Any CPU
		{A5DFB84C-7737-4984-BCDB-DD6815B45713}.Debug|Any CPU.Build.0 = Debug|Any CPU
		{A5DFB84C-7737-4984-BCDB-DD6815B45713}.Debug|x64.ActiveCfg = Debug|Any CPU
		{A5DFB84C-7737-4984-BCDB-DD6815B45713}.Debug|x64.Build.0 = Debug|Any CPU
		{A5DFB84C-7737-4984-BCDB-DD6815B45713}.Debug|x86.ActiveCfg = Debug|Any CPU
		{A5DFB84C-7737-4984-BCDB-DD6815B45713}.Debug|x86.Build.0 = Debug|Any CPU
		{A5DFB84C-7737-4984-BCDB-DD6815B45713}.Release|Any CPU.ActiveCfg = Release|Any CPU
		{A5DFB84C-7737-4984-BCDB-DD6815B45713}.Release|Any CPU.Build.0 = Release|Any CPU
		{A5DFB84C-7737-4984-BCDB-DD6815B45713}.Release|x64.ActiveCfg = Release|Any CPU
		{A5DFB84C-7737-4984-BCDB-DD6815B45713}.Release|x64.Build.0 = Release|Any CPU
		{A5DFB84C-7737-4984-BCDB-DD6815B45713}.Release|x86.ActiveCfg = Release|Any CPU
		{A5DFB84C-7737-4984-BCDB-DD6815B45713}.Release|x86.Build.0 = Release|Any CPU
	EndGlobalSection
EndGlobal
